
Microsoft Visual Studio Solution File, Format Version 12.00
# Visual Studio Version 17
VisualStudioVersion = 17.4.33110.190
MinimumVisualStudioVersion = 10.0.40219.1
Project("{FAE04EC0-301F-11D3-BF4B-00C04F79EFBC}") = "DeviceManager", "DeviceManager\DeviceManager.csproj", "{269C55D5-31C3-46DE-A1B0-7AAE2D89E35F}"
EndProject
Global
	GlobalSection(SolutionConfigurationPlatforms) = preSolution
		Debug|Any CPU = Debug|Any CPU
		Release|Any CPU = Release|Any CPU
	EndGlobalSection
	GlobalSection(ProjectConfigurationPlatforms) = postSolution
		{269C55D5-31C3-46DE-A1B0-7AAE2D89E35F}.Debug|Any CPU.ActiveCfg = Debug|Any CPU
		{269C55D5-31C3-46DE-A1B0-7AAE2D89E35F}.Debug|Any CPU.Build.0 = Debug|Any CPU
		{269C55D5-31C3-46DE-A1B0-7AAE2D89E35F}.Release|Any CPU.ActiveCfg = Release|Any CPU
		{269C55D5-31C3-46DE-A1B0-7AAE2D89E35F}.Release|Any CPU.Build.0 = Release|Any CPU
	EndGlobalSection
	GlobalSection(SolutionProperties) = preSolution
		HideSolutionNode = FALSE
	EndGlobalSection
	GlobalSection(ExtensibilityGlobals) = postSolution
		SolutionGuid = {0887BB56-F301-45F3-B83B-95EEDFCB4C0E}
	EndGlobalSection
EndGlobal
